
Microsoft Visual Studio Solution File, Format Version 12.00
# Visual Studio Version 16
VisualStudioVersion = 16.0.29503.13
MinimumVisualStudioVersion = 10.0.40219.1
Project("{9A19103F-16F7-4668-BE54-9A1E7A4F7556}") = "SuppaServices.Server", "SuppaServices\SuppaServices.Server.csproj", "{F27A4845-5D95-49A7-B143-E086DA74D787}"
EndProject
Project("{9A19103F-16F7-4668-BE54-9A1E7A4F7556}") = "SuppaServices.Interfaces", "SuppaServices.Interfaces\SuppaServices.Interfaces.csproj", "{20F926E6-8A3E-46A9-85F4-E53FEA6DCD3F}"
EndProject
Project("{9A19103F-16F7-4668-BE54-9A1E7A4F7556}") = "SuppaServices.Client", "SuppaServices.Client\SuppaServices.Client.csproj", "{46AE9199-511C-4DA6-808C-0FB41ADD8971}"
EndProject
Project("{FAE04EC0-301F-11D3-BF4B-00C04F79EFBC}") = "SuppaServices.Uwp", "SuppaServices.Uwp\SuppaServices.Uwp.csproj", "{EBF7C0D1-3F73-4757-9995-834614030670}"
EndProject
Global
	GlobalSection(SolutionConfigurationPlatforms) = preSolution
		Debug|Any CPU = Debug|Any CPU
		Debug|ARM = Debug|ARM
		Debug|ARM64 = Debug|ARM64
		Debug|x64 = Debug|x64
		Debug|x86 = Debug|x86
		Release|Any CPU = Release|Any CPU
		Release|ARM = Release|ARM
		Release|ARM64 = Release|ARM64
		Release|x64 = Release|x64
		Release|x86 = Release|x86
	EndGlobalSection
	GlobalSection(ProjectConfigurationPlatforms) = postSolution
		{F27A4845-5D95-49A7-B143-E086DA74D787}.Debug|Any CPU.ActiveCfg = Debug|Any CPU
		{F27A4845-5D95-49A7-B143-E086DA74D787}.Debug|Any CPU.Build.0 = Debug|Any CPU
		{F27A4845-5D95-49A7-B143-E086DA74D787}.Debug|ARM.ActiveCfg = Debug|Any CPU
		{F27A4845-5D95-49A7-B143-E086DA74D787}.Debug|ARM.Build.0 = Debug|Any CPU
		{F27A4845-5D95-49A7-B143-E086DA74D787}.Debug|ARM64.ActiveCfg = Debug|Any CPU
		{F27A4845-5D95-49A7-B143-E086DA74D787}.Debug|ARM64.Build.0 = Debug|Any CPU
		{F27A4845-5D95-49A7-B143-E086DA74D787}.Debug|x64.ActiveCfg = Debug|Any CPU
		{F27A4845-5D95-49A7-B143-E086DA74D787}.Debug|x64.Build.0 = Debug|Any CPU
		{F27A4845-5D95-49A7-B143-E086DA74D787}.Debug|x86.ActiveCfg = Debug|Any CPU
		{F27A4845-5D95-49A7-B143-E086DA74D787}.Debug|x86.Build.0 = Debug|Any CPU
		{F27A4845-5D95-49A7-B143-E086DA74D787}.Release|Any CPU.ActiveCfg = Release|Any CPU
		{F27A4845-5D95-49A7-B143-E086DA74D787}.Release|Any CPU.Build.0 = Release|Any CPU
		{F27A4845-5D95-49A7-B143-E086DA74D787}.Release|ARM.ActiveCfg = Release|Any CPU
		{F27A4845-5D95-49A7-B143-E086DA74D787}.Release|ARM.Build.0 = Release|Any CPU
		{F27A4845-5D95-49A7-B143-E086DA74D787}.Release|ARM64.ActiveCfg = Release|Any CPU
		{F27A4845-5D95-49A7-B143-E086DA74D787}.Release|ARM64.Build.0 = Release|Any CPU
		{F27A4845-5D95-49A7-B143-E086DA74D787}.Release|x64.ActiveCfg = Release|Any CPU
		{F27A4845-5D95-49A7-B143-E086DA74D787}.Release|x64.Build.0 = Release|Any CPU
		{F27A4845-5D95-49A7-B143-E086DA74D787}.Release|x86.ActiveCfg = Release|Any CPU
		{F27A4845-5D95-49A7-B143-E086DA74D787}.Release|x86.Build.0 = Release|Any CPU
		{20F926E6-8A3E-46A9-85F4-E53FEA6DCD3F}.Debug|Any CPU.ActiveCfg = Debug|Any CPU
		{20F926E6-8A3E-46A9-85F4-E53FEA6DCD3F}.Debug|Any CPU.Build.0 = Debug|Any CPU
		{20F926E6-8A3E-46A9-85F4-E53FEA6DCD3F}.Debug|ARM.ActiveCfg = Debug|Any CPU
		{20F926E6-8A3E-46A9-85F4-E53FEA6DCD3F}.Debug|ARM.Build.0 = Debug|Any CPU
		{20F926E6-8A3E-46A9-85F4-E53FEA6DCD3F}.Debug|ARM64.ActiveCfg = Debug|Any CPU
		{20F926E6-8A3E-46A9-85F4-E53FEA6DCD3F}.Debug|ARM64.Build.0 = Debug|Any CPU
		{20F926E6-8A3E-46A9-85F4-E53FEA6DCD3F}.Debug|x64.ActiveCfg = Debug|Any CPU
		{20F926E6-8A3E-46A9-85F4-E53FEA6DCD3F}.Debug|x64.Build.0 = Debug|Any CPU
		{20F926E6-8A3E-46A9-85F4-E53FEA6DCD3F}.Debug|x86.ActiveCfg = Debug|Any CPU
		{20F926E6-8A3E-46A9-85F4-E53FEA6DCD3F}.Debug|x86.Build.0 = Debug|Any CPU
		{20F926E6-8A3E-46A9-85F4-E53FEA6DCD3F}.Release|Any CPU.ActiveCfg = Release|Any CPU
		{20F926E6-8A3E-46A9-85F4-E53FEA6DCD3F}.Release|Any CPU.Build.0 = Release|Any CPU
		{20F926E6-8A3E-46A9-85F4-E53FEA6DCD3F}.Release|ARM.ActiveCfg = Release|Any CPU
		{20F926E6-8A3E-46A9-85F4-E53FEA6DCD3F}.Release|ARM.Build.0 = Release|Any CPU
		{20F926E6-8A3E-46A9-85F4-E53FEA6DCD3F}.Release|ARM64.ActiveCfg = Release|Any CPU
		{20F926E6-8A3E-46A9-85F4-E53FEA6DCD3F}.Release|ARM64.Build.0 = Release|Any CPU
		{20F926E6-8A3E-46A9-85F4-E53FEA6DCD3F}.Release|x64.ActiveCfg = Release|Any CPU
		{20F926E6-8A3E-46A9-85F4-E53FEA6DCD3F}.Release|x64.Build.0 = Release|Any CPU
		{20F926E6-8A3E-46A9-85F4-E53FEA6DCD3F}.Release|x86.ActiveCfg = Release|Any CPU
		{20F926E6-8A3E-46A9-85F4-E53FEA6DCD3F}.Release|x86.Build.0 = Release|Any CPU
		{46AE9199-511C-4DA6-808C-0FB41ADD8971}.Debug|Any CPU.ActiveCfg = Debug|Any CPU
		{46AE9199-511C-4DA6-808C-0FB41ADD8971}.Debug|Any CPU.Build.0 = Debug|Any CPU
		{46AE9199-511C-4DA6-808C-0FB41ADD8971}.Debug|ARM.ActiveCfg = Debug|Any CPU
		{46AE9199-511C-4DA6-808C-0FB41ADD8971}.Debug|ARM.Build.0 = Debug|Any CPU
		{46AE9199-511C-4DA6-808C-0FB41ADD8971}.Debug|ARM64.ActiveCfg = Debug|Any CPU
		{46AE9199-511C-4DA6-808C-0FB41ADD8971}.Debug|ARM64.Build.0 = Debug|Any CPU
		{46AE9199-511C-4DA6-808C-0FB41ADD8971}.Debug|x64.ActiveCfg = Debug|Any CPU
		{46AE9199-511C-4DA6-808C-0FB41ADD8971}.Debug|x64.Build.0 = Debug|Any CPU
		{46AE9199-511C-4DA6-808C-0FB41ADD8971}.Debug|x86.ActiveCfg = Debug|Any CPU
		{46AE9199-511C-4DA6-808C-0FB41ADD8971}.Debug|x86.Build.0 = Debug|Any CPU
		{46AE9199-511C-4DA6-808C-0FB41ADD8971}.Release|Any CPU.ActiveCfg = Release|Any CPU
		{46AE9199-511C-4DA6-808C-0FB41ADD8971}.Release|Any CPU.Build.0 = Release|Any CPU
		{46AE9199-511C-4DA6-808C-0FB41ADD8971}.Release|ARM.ActiveCfg = Release|Any CPU
		{46AE9199-511C-4DA6-808C-0FB41ADD8971}.Release|ARM.Build.0 = Release|Any CPU
		{46AE9199-511C-4DA6-808C-0FB41ADD8971}.Release|ARM64.ActiveCfg = Release|Any CPU
		{46AE9199-511C-4DA6-808C-0FB41ADD8971}.Release|ARM64.Build.0 = Release|Any CPU
		{46AE9199-511C-4DA6-808C-0FB41ADD8971}.Release|x64.ActiveCfg = Release|Any CPU
		{46AE9199-511C-4DA6-808C-0FB41ADD8971}.Release|x64.Build.0 = Release|Any CPU
		{46AE9199-511C-4DA6-808C-0FB41ADD8971}.Release|x86.ActiveCfg = Release|Any CPU
		{46AE9199-511C-4DA6-808C-0FB41ADD8971}.Release|x86.Build.0 = Release|Any CPU
		{EBF7C0D1-3F73-4757-9995-834614030670}.Debug|Any CPU.ActiveCfg = Debug|x86
		{EBF7C0D1-3F73-4757-9995-834614030670}.Debug|ARM.ActiveCfg = Debug|ARM
		{EBF7C0D1-3F73-4757-9995-834614030670}.Debug|ARM.Build.0 = Debug|ARM
		{EBF7C0D1-3F73-4757-9995-834614030670}.Debug|ARM.Deploy.0 = Debug|ARM
		{EBF7C0D1-3F73-4757-9995-834614030670}.Debug|ARM64.ActiveCfg = Debug|ARM64
		{EBF7C0D1-3F73-4757-9995-834614030670}.Debug|ARM64.Build.0 = Debug|ARM64
		{EBF7C0D1-3F73-4757-9995-834614030670}.Debug|ARM64.Deploy.0 = Debug|ARM64
		{EBF7C0D1-3F73-4757-9995-834614030670}.Debug|x64.ActiveCfg = Debug|x64
		{EBF7C0D1-3F73-4757-9995-834614030670}.Debug|x64.Build.0 = Debug|x64
		{EBF7C0D1-3F73-4757-9995-834614030670}.Debug|x64.Deploy.0 = Debug|x64
		{EBF7C0D1-3F73-4757-9995-834614030670}.Debug|x86.ActiveCfg = Debug|x86
		{EBF7C0D1-3F73-4757-9995-834614030670}.Debug|x86.Build.0 = Debug|x86
		{EBF7C0D1-3F73-4757-9995-834614030670}.Debug|x86.Deploy.0 = Debug|x86
		{EBF7C0D1-3F73-4757-9995-834614030670}.Release|Any CPU.ActiveCfg = Release|x86
		{EBF7C0D1-3F73-4757-9995-834614030670}.Release|ARM.ActiveCfg = Release|ARM
		{EBF7C0D1-3F73-4757-9995-834614030670}.Release|ARM.Build.0 = Release|ARM
		{EBF7C0D1-3F73-4757-9995-834614030670}.Release|ARM.Deploy.0 = Release|ARM
		{EBF7C0D1-3F73-4757-9995-834614030670}.Release|ARM64.ActiveCfg = Release|ARM64
		{EBF7C0D1-3F73-4757-9995-834614030670}.Release|ARM64.Build.0 = Release|ARM64
		{EBF7C0D1-3F73-4757-9995-834614030670}.Release|ARM64.Deploy.0 = Release|ARM64
		{EBF7C0D1-3F73-4757-9995-834614030670}.Release|x64.ActiveCfg = Release|x64
		{EBF7C0D1-3F73-4757-9995-834614030670}.Release|x64.Build.0 = Release|x64
		{EBF7C0D1-3F73-4757-9995-834614030670}.Release|x64.Deploy.0 = Release|x64
		{EBF7C0D1-3F73-4757-9995-834614030670}.Release|x86.ActiveCfg = Release|x86
		{EBF7C0D1-3F73-4757-9995-834614030670}.Release|x86.Build.0 = Release|x86
		{EBF7C0D1-3F73-4757-9995-834614030670}.Release|x86.Deploy.0 = Release|x86
	EndGlobalSection
	GlobalSection(SolutionProperties) = preSolution
		HideSolutionNode = FALSE
	EndGlobalSection
	GlobalSection(ExtensibilityGlobals) = postSolution
		SolutionGuid = {CF0F4152-1721-4773-BC2A-53317B78676A}
	EndGlobalSection
EndGlobal
